
Microsoft Visual Studio Solution File, Format Version 12.00
# Visual Studio 15
Project("{FAE04EC0-301F-11D3-BF4B-00C04F79EFBC}") = "Crawlers", "Crawlers\Crawlers.csproj", "{20044963-D575-48C8-B092-B56183440450}"
EndProject
Global
	GlobalSection(SolutionConfigurationPlatforms) = preSolution
		Debug|Any CPU = Debug|Any CPU
		Release|Any CPU = Release|Any CPU
	EndGlobalSection
	GlobalSection(ProjectConfigurationPlatforms) = postSolution
		{20044963-D575-48C8-B092-B56183440450}.Debug|Any CPU.ActiveCfg = Debug|Any CPU
		{20044963-D575-48C8-B092-B56183440450}.Debug|Any CPU.Build.0 = Debug|Any CPU
		{20044963-D575-48C8-B092-B56183440450}.Release|Any CPU.ActiveCfg = Release|Any CPU
		{20044963-D575-48C8-B092-B56183440450}.Release|Any CPU.Build.0 = Release|Any CPU
	EndGlobalSection
EndGlobal
